
Microsoft Visual Studio Solution File, Format Version 12.00
# Visual Studio Version 17
VisualStudioVersion = 17.5.33530.505
MinimumVisualStudioVersion = 10.0.40219.1
Project("{FAE04EC0-301F-11D3-BF4B-00C04F79EFBC}") = "WebApplication5", "WebApplication5\WebApplication5.csproj", "{1F328561-0E8D-4ED8-87EA-F8EF6CF82668}"
EndProject
Project("{FAE04EC0-301F-11D3-BF4B-00C04F79EFBC}") = "demo.datalayer", "demo.datalayer\demo.datalayer.csproj", "{7C42899C-CC3E-4EB2-A540-A52C29826459}"
EndProject
Project("{FAE04EC0-301F-11D3-BF4B-00C04F79EFBC}") = "demo.bl", "ClassLibrary1\demo.bl.csproj", "{A4E5A8E8-377A-4DBD-9C38-F3EE8182F9B3}"
EndProject
Global
	GlobalSection(SolutionConfigurationPlatforms) = preSolution
		Debug|Any CPU = Debug|Any CPU
		Release|Any CPU = Release|Any CPU
	EndGlobalSection
	GlobalSection(ProjectConfigurationPlatforms) = postSolution
		{1F328561-0E8D-4ED8-87EA-F8EF6CF82668}.Debug|Any CPU.ActiveCfg = Debug|Any CPU
		{1F328561-0E8D-4ED8-87EA-F8EF6CF82668}.Debug|Any CPU.Build.0 = Debug|Any CPU
		{1F328561-0E8D-4ED8-87EA-F8EF6CF82668}.Release|Any CPU.ActiveCfg = Release|Any CPU
		{1F328561-0E8D-4ED8-87EA-F8EF6CF82668}.Release|Any CPU.Build.0 = Release|Any CPU
		{7C42899C-CC3E-4EB2-A540-A52C29826459}.Debug|Any CPU.ActiveCfg = Debug|Any CPU
		{7C42899C-CC3E-4EB2-A540-A52C29826459}.Debug|Any CPU.Build.0 = Debug|Any CPU
		{7C42899C-CC3E-4EB2-A540-A52C29826459}.Release|Any CPU.ActiveCfg = Release|Any CPU
		{7C42899C-CC3E-4EB2-A540-A52C29826459}.Release|Any CPU.Build.0 = Release|Any CPU
		{A4E5A8E8-377A-4DBD-9C38-F3EE8182F9B3}.Debug|Any CPU.ActiveCfg = Debug|Any CPU
		{A4E5A8E8-377A-4DBD-9C38-F3EE8182F9B3}.Debug|Any CPU.Build.0 = Debug|Any CPU
		{A4E5A8E8-377A-4DBD-9C38-F3EE8182F9B3}.Release|Any CPU.ActiveCfg = Release|Any CPU
		{A4E5A8E8-377A-4DBD-9C38-F3EE8182F9B3}.Release|Any CPU.Build.0 = Release|Any CPU
	EndGlobalSection
	GlobalSection(SolutionProperties) = preSolution
		HideSolutionNode = FALSE
	EndGlobalSection
	GlobalSection(ExtensibilityGlobals) = postSolution
		SolutionGuid = {F83D61AF-31E3-4B3D-85DF-B676ABAC7579}
	EndGlobalSection
EndGlobal
